// !$*UTF8*$!
{
	archiveVersion = 1;
	classes = {
	};
	objectVersion = 50;
	objects = {

/* Begin PBXBuildFile section */
		8302C65722EFFBDD00896559 /* ScanViewController.m in Sources */ = {isa = PBXBuildFile; fileRef = 8302C65522EFFBDD00896559 /* ScanViewController.m */; };
		8302C65822EFFBDD00896559 /* ScanViewController.xib in Resources */ = {isa = PBXBuildFile; fileRef = 8302C65622EFFBDD00896559 /* ScanViewController.xib */; };
		8394079D22EFFB4500013C18 /* AppDelegate.m in Sources */ = {isa = PBXBuildFile; fileRef = 8394079C22EFFB4500013C18 /* AppDelegate.m */; };
		839407A022EFFB4500013C18 /* ViewController.m in Sources */ = {isa = PBXBuildFile; fileRef = 8394079F22EFFB4500013C18 /* ViewController.m */; };
		839407A322EFFB4500013C18 /* Main.storyboard in Resources */ = {isa = PBXBuildFile; fileRef = 839407A122EFFB4500013C18 /* Main.storyboard */; };
		839407A522EFFB4700013C18 /* Assets.xcassets in Resources */ = {isa = PBXBuildFile; fileRef = 839407A422EFFB4700013C18 /* Assets.xcassets */; };
		839407A822EFFB4700013C18 /* LaunchScreen.storyboard in Resources */ = {isa = PBXBuildFile; fileRef = 839407A622EFFB4700013C18 /* LaunchScreen.storyboard */; };
		839407AB22EFFB4700013C18 /* main.m in Sources */ = {isa = PBXBuildFile; fileRef = 839407AA22EFFB4700013C18 /* main.m */; };
		839407B522EFFB4700013C18 /* ScanTests.m in Sources */ = {isa = PBXBuildFile; fileRef = 839407B422EFFB4700013C18 /* ScanTests.m */; };
		839407C022EFFB4700013C18 /* ScanUITests.m in Sources */ = {isa = PBXBuildFile; fileRef = 839407BF22EFFB4700013C18 /* ScanUITests.m */; };
/* End PBXBuildFile section */

/* Begin PBXContainerItemProxy section */
		839407B122EFFB4700013C18 /* PBXContainerItemProxy */ = {
			isa = PBXContainerItemProxy;
			containerPortal = 8394079022EFFB4500013C18 /* Project object */;
			proxyType = 1;
			remoteGlobalIDString = 8394079722EFFB4500013C18;
			remoteInfo = Scan;
		};
		839407BC22EFFB4700013C18 /* PBXContainerItemProxy */ = {
			isa = PBXContainerItemProxy;
			containerPortal = 8394079022EFFB4500013C18 /* Project object */;
			proxyType = 1;
			remoteGlobalIDString = 8394079722EFFB4500013C18;
			remoteInfo = Scan;
		};
/* End PBXContainerItemProxy section */

/* Begin PBXFileReference section */
		8302C65422EFFBDD00896559 /* ScanViewController.h */ = {isa = PBXFileReference; lastKnownFileType = sourcecode.c.h; path = ScanViewController.h; sourceTree = "<group>"; };
		8302C65522EFFBDD00896559 /* ScanViewController.m */ = {isa = PBXFileReference; lastKnownFileType = sourcecode.c.objc; path = ScanViewController.m; sourceTree = "<group>"; };
		8302C65622EFFBDD00896559 /* ScanViewController.xib */ = {isa = PBXFileReference; lastKnownFileType = file.xib; path = ScanViewController.xib; sourceTree = "<group>"; };
		8394079822EFFB4500013C18 /* Scan.app */ = {isa = PBXFileReference; explicitFileType = wrapper.application; includeInIndex = 0; path = Scan.app; sourceTree = BUILT_PRODUCTS_DIR; };
		8394079B22EFFB4500013C18 /* AppDelegate.h */ = {isa = PBXFileReference; lastKnownFileType = sourcecode.c.h; path = AppDelegate.h; sourceTree = "<group>"; };
		8394079C22EFFB4500013C18 /* AppDelegate.m */ = {isa = PBXFileReference; lastKnownFileType = sourcecode.c.objc; path = AppDelegate.m; sourceTree = "<group>"; };
		8394079E22EFFB4500013C18 /* ViewController.h */ = {isa = PBXFileReference; lastKnownFileType = sourcecode.c.h; path = ViewController.h; sourceTree = "<group>"; };
		8394079F22EFFB4500013C18 /* ViewController.m */ = {isa = PBXFileReference; lastKnownFileType = sourcecode.c.objc; path = ViewController.m; sourceTree = "<group>"; };
		839407A222EFFB4500013C18 /* Base */ = {isa = PBXFileReference; lastKnownFileType = file.storyboard; name = Base; path = Base.lproj/Main.storyboard; sourceTree = "<group>"; };
		839407A422EFFB4700013C18 /* Assets.xcassets */ = {isa = PBXFileReference; lastKnownFileType = folder.assetcatalog; path = Assets.xcassets; sourceTree = "<group>"; };
		839407A722EFFB4700013C18 /* Base */ = {isa = PBXFileReference; lastKnownFileType = file.storyboard; name = Base; path = Base.lproj/LaunchScreen.storyboard; sourceTree = "<group>"; };
		839407A922EFFB4700013C18 /* Info.plist */ = {isa = PBXFileReference; lastKnownFileType = text.plist.xml; path = Info.plist; sourceTree = "<group>"; };
		839407AA22EFFB4700013C18 /* main.m */ = {isa = PBXFileReference; lastKnownFileType = sourcecode.c.objc; path = main.m; sourceTree = "<group>"; };
		839407B022EFFB4700013C18 /* ScanTests.xctest */ = {isa = PBXFileReference; explicitFileType = wrapper.cfbundle; includeInIndex = 0; path = ScanTests.xctest; sourceTree = BUILT_PRODUCTS_DIR; };
		839407B422EFFB4700013C18 /* ScanTests.m */ = {isa = PBXFileReference; lastKnownFileType = sourcecode.c.objc; path = ScanTests.m; sourceTree = "<group>"; };
		839407B622EFFB4700013C18 /* Info.plist */ = {isa = PBXFileReference; lastKnownFileType = text.plist.xml; path = Info.plist; sourceTree = "<group>"; };
		839407BB22EFFB4700013C18 /* ScanUITests.xctest */ = {isa = PBXFileReference; explicitFileType = wrapper.cfbundle; includeInIndex = 0; path = ScanUITests.xctest; sourceTree = BUILT_PRODUCTS_DIR; };
		839407BF22EFFB4700013C18 /* ScanUITests.m */ = {isa = PBXFileReference; lastKnownFileType = sourcecode.c.objc; path = ScanUITests.m; sourceTree = "<group>"; };
		839407C122EFFB4700013C18 /* Info.plist */ = {isa = PBXFileReference; lastKnownFileType = text.plist.xml; path = Info.plist; sourceTree = "<group>"; };
/* End PBXFileReference section */

/* Begin PBXFrameworksBuildPhase section */
		8394079522EFFB4500013C18 /* Frameworks */ = {
			isa = PBXFrameworksBuildPhase;
			buildActionMask = 2147483647;
			files = (
			);
			runOnlyForDeploymentPostprocessing = 0;
		};
		839407AD22EFFB4700013C18 /* Frameworks */ = {
			isa = PBXFrameworksBuildPhase;
			buildActionMask = 2147483647;
			files = (
			);
			runOnlyForDeploymentPostprocessing = 0;
		};
		839407B822EFFB4700013C18 /* Frameworks */ = {
			isa = PBXFrameworksBuildPhase;
			buildActionMask = 2147483647;
			files = (
			);
			runOnlyForDeploymentPostprocessing = 0;
		};
/* End PBXFrameworksBuildPhase section */

/* Begin PBXGroup section */
		8394078F22EFFB4500013C18 = {
			isa = PBXGroup;
			children = (
				8394079A22EFFB4500013C18 /* Scan */,
				839407B322EFFB4700013C18 /* ScanTests */,
				839407BE22EFFB4700013C18 /* ScanUITests */,
				8394079922EFFB4500013C18 /* Products */,
			);
			sourceTree = "<group>";
		};
		8394079922EFFB4500013C18 /* Products */ = {
			isa = PBXGroup;
			children = (
				8394079822EFFB4500013C18 /* Scan.app */,
				839407B022EFFB4700013C18 /* ScanTests.xctest */,
				839407BB22EFFB4700013C18 /* ScanUITests.xctest */,
			);
			name = Products;
			sourceTree = "<group>";
		};
		8394079A22EFFB4500013C18 /* Scan */ = {
			isa = PBXGroup;
			children = (
				8394079B22EFFB4500013C18 /* AppDelegate.h */,
				8394079C22EFFB4500013C18 /* AppDelegate.m */,
				8394079E22EFFB4500013C18 /* ViewController.h */,
				8394079F22EFFB4500013C18 /* ViewController.m */,
				8302C65422EFFBDD00896559 /* ScanViewController.h */,
				8302C65522EFFBDD00896559 /* ScanViewController.m */,
				8302C65622EFFBDD00896559 /* ScanViewController.xib */,
				839407A122EFFB4500013C18 /* Main.storyboard */,
				839407A422EFFB4700013C18 /* Assets.xcassets */,
				839407A622EFFB4700013C18 /* LaunchScreen.storyboard */,
				839407A922EFFB4700013C18 /* Info.plist */,
				839407AA22EFFB4700013C18 /* main.m */,
			);
			path = Scan;
			sourceTree = "<group>";
		};
		839407B322EFFB4700013C18 /* ScanTests */ = {
			isa = PBXGroup;
			children = (
				839407B422EFFB4700013C18 /* ScanTests.m */,
				839407B622EFFB4700013C18 /* Info.plist */,
			);
			path = ScanTests;
			sourceTree = "<group>";
		};
		839407BE22EFFB4700013C18 /* ScanUITests */ = {
			isa = PBXGroup;
			children = (
				839407BF22EFFB4700013C18 /* ScanUITests.m */,
				839407C122EFFB4700013C18 /* Info.plist */,
			);
			path = ScanUITests;
			sourceTree = "<group>";
		};
/* End PBXGroup section */

/* Begin PBXNativeTarget section */
		8394079722EFFB4500013C18 /* Scan */ = {
			isa = PBXNativeTarget;
			buildConfigurationList = 839407C422EFFB4700013C18 /* Build configuration list for PBXNativeTarget "Scan" */;
			buildPhases = (
				8394079422EFFB4500013C18 /* Sources */,
				8394079522EFFB4500013C18 /* Frameworks */,
				8394079622EFFB4500013C18 /* Resources */,
			);
			buildRules = (
			);
			dependencies = (
			);
			name = Scan;
			productName = Scan;
			productReference = 8394079822EFFB4500013C18 /* Scan.app */;
			productType = "com.apple.product-type.application";
		};
		839407AF22EFFB4700013C18 /* ScanTests */ = {
			isa = PBXNativeTarget;
			buildConfigurationList = 839407C722EFFB4700013C18 /* Build configuration list for PBXNativeTarget "ScanTests" */;
			buildPhases = (
				839407AC22EFFB4700013C18 /* Sources */,
				839407AD22EFFB4700013C18 /* Frameworks */,
				839407AE22EFFB4700013C18 /* Resources */,
			);
			buildRules = (
			);
			dependencies = (
				839407B222EFFB4700013C18 /* PBXTargetDependency */,
			);
			name = ScanTests;
			productName = ScanTests;
			productReference = 839407B022EFFB4700013C18 /* ScanTests.xctest */;
			productType = "com.apple.product-type.bundle.unit-test";
		};
		839407BA22EFFB4700013C18 /* ScanUITests */ = {
			isa = PBXNativeTarget;
			buildConfigurationList = 839407CA22EFFB4700013C18 /* Build configuration list for PBXNativeTarget "ScanUITests" */;
			buildPhases = (
				839407B722EFFB4700013C18 /* Sources */,
				839407B822EFFB4700013C18 /* Frameworks */,
				839407B922EFFB4700013C18 /* Resources */,
			);
			buildRules = (
			);
			dependencies = (
				839407BD22EFFB4700013C18 /* PBXTargetDependency */,
			);
			name = ScanUITests;
			productName = ScanUITests;
			productReference = 839407BB22EFFB4700013C18 /* ScanUITests.xctest */;
			productType = "com.apple.product-type.bundle.ui-testing";
		};
/* End PBXNativeTarget section */

/* Begin PBXProject section */
		8394079022EFFB4500013C18 /* Project object */ = {
			isa = PBXProject;
			attributes = {
				LastUpgradeCheck = 1010;
				ORGANIZATIONNAME = "中国人寿";
				TargetAttributes = {
					8394079722EFFB4500013C18 = {
						CreatedOnToolsVersion = 10.1;
					};
					839407AF22EFFB4700013C18 = {
						CreatedOnToolsVersion = 10.1;
						TestTargetID = 8394079722EFFB4500013C18;
					};
					839407BA22EFFB4700013C18 = {
						CreatedOnToolsVersion = 10.1;
						TestTargetID = 8394079722EFFB4500013C18;
					};
				};
			};
			buildConfigurationList = 8394079322EFFB4500013C18 /* Build configuration list for PBXProject "Scan" */;
			compatibilityVersion = "Xcode 9.3";
			developmentRegion = en;
			hasScannedForEncodings = 0;
			knownRegions = (
				en,
				Base,
			);
			mainGroup = 8394078F22EFFB4500013C18;
			productRefGroup = 8394079922EFFB4500013C18 /* Products */;
			projectDirPath = "";
			projectRoot = "";
			targets = (
				8394079722EFFB4500013C18 /* Scan */,
				839407AF22EFFB4700013C18 /* ScanTests */,
				839407BA22EFFB4700013C18 /* ScanUITests */,
			);
		};
/* End PBXProject section */

/* Begin PBXResourcesBuildPhase section */
		8394079622EFFB4500013C18 /* Resources */ = {
			isa = PBXResourcesBuildPhase;
			buildActionMask = 2147483647;
			files = (
				839407A822EFFB4700013C18 /* LaunchScreen.storyboard in Resources */,
				839407A522EFFB4700013C18 /* Assets.xcassets in Resources */,
				839407A322EFFB4500013C18 /* Main.storyboard in Resources */,
				8302C65822EFFBDD00896559 /* ScanViewController.xib in Resources */,
			);
			runOnlyForDeploymentPostprocessing = 0;
		};
		839407AE22EFFB4700013C18 /* Resources */ = {
			isa = PBXResourcesBuildPhase;
			buildActionMask = 2147483647;
			files = (
			);
			runOnlyForDeploymentPostprocessing = 0;
		};
		839407B922EFFB4700013C18 /* Resources */ = {
			isa = PBXResourcesBuildPhase;
			buildActionMask = 2147483647;
			files = (
			);
			runOnlyForDeploymentPostprocessing = 0;
		};
/* End PBXResourcesBuildPhase section */

/* Begin PBXSourcesBuildPhase section */
		8394079422EFFB4500013C18 /* Sources */ = {
			isa = PBXSourcesBuildPhase;
			buildActionMask = 2147483647;
			files = (
				839407A022EFFB4500013C18 /* ViewController.m in Sources */,
				839407AB22EFFB4700013C18 /* main.m in Sources */,
				8394079D22EFFB4500013C18 /* AppDelegate.m in Sources */,
				8302C65722EFFBDD00896559 /* ScanViewController.m in Sources */,
			);
			runOnlyForDeploymentPostprocessing = 0;
		};
		839407AC22EFFB4700013C18 /* Sources */ = {
			isa = PBXSourcesBuildPhase;
			buildActionMask = 2147483647;
			files = (
				839407B522EFFB4700013C18 /* ScanTests.m in Sources */,
			);
			runOnlyForDeploymentPostprocessing = 0;
		};
		839407B722EFFB4700013C18 /* Sources */ = {
			isa = PBXSourcesBuildPhase;
			buildActionMask = 2147483647;
			files = (
				839407C022EFFB4700013C18 /* ScanUITests.m in Sources */,
			);
			runOnlyForDeploymentPostprocessing = 0;
		};
/* End PBXSourcesBuildPhase section */

/* Begin PBXTargetDependency section */
		839407B222EFFB4700013C18 /* PBXTargetDependency */ = {
			isa = PBXTargetDependency;
			target = 8394079722EFFB4500013C18 /* Scan */;
			targetProxy = 839407B122EFFB4700013C18 /* PBXContainerItemProxy */;
		};
		839407BD22EFFB4700013C18 /* PBXTargetDependency */ = {
			isa = PBXTargetDependency;
			target = 8394079722EFFB4500013C18 /* Scan */;
			targetProxy = 839407BC22EFFB4700013C18 /* PBXContainerItemProxy */;
		};
/* End PBXTargetDependency section */

/* Begin PBXVariantGroup section */
		839407A122EFFB4500013C18 /* Main.storyboard */ = {
			isa = PBXVariantGroup;
			children = (
				839407A222EFFB4500013C18 /* Base */,
			);
			name = Main.storyboard;
			sourceTree = "<group>";
		};
		839407A622EFFB4700013C18 /* LaunchScreen.storyboard */ = {
			isa = PBXVariantGroup;
			children = (
				839407A722EFFB4700013C18 /* Base */,
			);
			name = LaunchScreen.storyboard;
			sourceTree = "<group>";
		};
/* End PBXVariantGroup section */

/* Begin XCBuildConfiguration section */
		839407C222EFFB4700013C18 /* Debug */ = {
			isa = XCBuildConfiguration;
			buildSettings = {
				ALWAYS_SEARCH_USER_PATHS = NO;
				CLANG_ANALYZER_NONNULL = YES;
				CLANG_ANALYZER_NUMBER_OBJECT_CONVERSION = YES_AGGRESSIVE;
				CLANG_CXX_LANGUAGE_STANDARD = "gnu++14";
				CLANG_CXX_LIBRARY = "libc++";
				CLANG_ENABLE_MODULES = YES;
				CLANG_ENABLE_OBJC_ARC = YES;
				CLANG_ENABLE_OBJC_WEAK = YES;
				CLANG_WARN_BLOCK_CAPTURE_AUTORELEASING = YES;
				CLANG_WARN_BOOL_CONVERSION = YES;
				CLANG_WARN_COMMA = YES;
				CLANG_WARN_CONSTANT_CONVERSION = YES;
				CLANG_WARN_DEPRECATED_OBJC_IMPLEMENTATIONS = YES;
				CLANG_WARN_DIRECT_OBJC_ISA_USAGE = YES_ERROR;
				CLANG_WARN_DOCUMENTATION_COMMENTS = YES;
				CLANG_WARN_EMPTY_BODY = YES;
				CLANG_WARN_ENUM_CONVERSION = YES;
				CLANG_WARN_INFINITE_RECURSION = YES;
				CLANG_WARN_INT_CONVERSION = YES;
				CLANG_WARN_NON_LITERAL_NULL_CONVERSION = YES;
				CLANG_WARN_OBJC_IMPLICIT_RETAIN_SELF = YES;
				CLANG_WARN_OBJC_LITERAL_CONVERSION = YES;
				CLANG_WARN_OBJC_ROOT_CLASS = YES_ERROR;
				CLANG_WARN_RANGE_LOOP_ANALYSIS = YES;
				CLANG_WARN_STRICT_PROTOTYPES = YES;
				CLANG_WARN_SUSPICIOUS_MOVE = YES;
				CLANG_WARN_UNGUARDED_AVAILABILITY = YES_AGGRESSIVE;
				CLANG_WARN_UNREACHABLE_CODE = YES;
				CLANG_WARN__DUPLICATE_METHOD_MATCH = YES;
				CODE_SIGN_IDENTITY = "iPhone Developer";
				COPY_PHASE_STRIP = NO;
				DEBUG_INFORMATION_FORMAT = dwarf;
				ENABLE_STRICT_OBJC_MSGSEND = YES;
				ENABLE_TESTABILITY = YES;
				GCC_C_LANGUAGE_STANDARD = gnu11;
				GCC_DYNAMIC_NO_PIC = NO;
				GCC_NO_COMMON_BLOCKS = YES;
				GCC_OPTIMIZATION_LEVEL = 0;
				GCC_PREPROCESSOR_DEFINITIONS = (
					"DEBUG=1",
					"$(inherited)",
				);
				GCC_WARN_64_TO_32_BIT_CONVERSION = YES;
				GCC_WARN_ABOUT_RETURN_TYPE = YES_ERROR;
				GCC_WARN_UNDECLARED_SELECTOR = YES;
				GCC_WARN_UNINITIALIZED_AUTOS = YES_AGGRESSIVE;
				GCC_WARN_UNUSED_FUNCTION = YES;
				GCC_WARN_UNUSED_VARIABLE = YES;
				IPHONEOS_DEPLOYMENT_TARGET = 12.1;
				MTL_ENABLE_DEBUG_INFO = INCLUDE_SOURCE;
				MTL_FAST_MATH = YES;
				ONLY_ACTIVE_ARCH = YES;
				SDKROOT = iphoneos;
			};
			name = Debug;
		};
		839407C322EFFB4700013C18 /* Release */ = {
			isa = XCBuildConfiguration;
			buildSettings = {
				ALWAYS_SEARCH_USER_PATHS = NO;
				CLANG_ANALYZER_NONNULL = YES;
				CLANG_ANALYZER_NUMBER_OBJECT_CONVERSION = YES_AGGRESSIVE;
				CLANG_CXX_LANGUAGE_STANDARD = "gnu++14";
				CLANG_CXX_LIBRARY = "libc++";
				CLANG_ENABLE_MODULES = YES;
				CLANG_ENABLE_OBJC_ARC = YES;
				CLANG_ENABLE_OBJC_WEAK = YES;
				CLANG_WARN_BLOCK_CAPTURE_AUTORELEASING = YES;
				CLANG_WARN_BOOL_CONVERSION = YES;
				CLANG_WARN_COMMA = YES;
				CLANG_WARN_CONSTANT_CONVERSION = YES;
				CLANG_WARN_DEPRECATED_OBJC_IMPLEMENTATIONS = YES;
				CLANG_WARN_DIRECT_OBJC_ISA_USAGE = YES_ERROR;
				CLANG_WARN_DOCUMENTATION_COMMENTS = YES;
				CLANG_WARN_EMPTY_BODY = YES;
				CLANG_WARN_ENUM_CONVERSION = YES;
				CLANG_WARN_INFINITE_RECURSION = YES;
				CLANG_WARN_INT_CONVERSION = YES;
				CLANG_WARN_NON_LITERAL_NULL_CONVERSION = YES;
				CLANG_WARN_OBJC_IMPLICIT_RETAIN_SELF = YES;
				CLANG_WARN_OBJC_LITERAL_CONVERSION = YES;
				CLANG_WARN_OBJC_ROOT_CLASS = YES_ERROR;
				CLANG_WARN_RANGE_LOOP_ANALYSIS = YES;
				CLANG_WARN_STRICT_PROTOTYPES = YES;
				CLANG_WARN_SUSPICIOUS_MOVE = YES;
				CLANG_WARN_UNGUARDED_AVAILABILITY = YES_AGGRESSIVE;
				CLANG_WARN_UNREACHABLE_CODE = YES;
				CLANG_WARN__DUPLICATE_METHOD_MATCH = YES;
				CODE_SIGN_IDENTITY = "iPhone Developer";
				COPY_PHASE_STRIP = NO;
				DEBUG_INFORMATION_FORMAT = "dwarf-with-dsym";
				ENABLE_NS_ASSERTIONS = NO;
				ENABLE_STRICT_OBJC_MSGSEND = YES;
				GCC_C_LANGUAGE_STANDARD = gnu11;
				GCC_NO_COMMON_BLOCKS = YES;
				GCC_WARN_64_TO_32_BIT_CONVERSION = YES;
				GCC_WARN_ABOUT_RETURN_TYPE = YES_ERROR;
				GCC_WARN_UNDECLARED_SELECTOR = YES;
				GCC_WARN_UNINITIALIZED_AUTOS = YES_AGGRESSIVE;
				GCC_WARN_UNUSED_FUNCTION = YES;
				GCC_WARN_UNUSED_VARIABLE = YES;
				IPHONEOS_DEPLOYMENT_TARGET = 12.1;
				MTL_ENABLE_DEBUG_INFO = NO;
				MTL_FAST_MATH = YES;
				SDKROOT = iphoneos;
				VALIDATE_PRODUCT = YES;
			};
			name = Release;
		};
		839407C522EFFB4700013C18 /* Debug */ = {
			isa = XCBuildConfiguration;
			buildSettings = {
				ASSETCATALOG_COMPILER_APPICON_NAME = AppIcon;
				CODE_SIGN_STYLE = Automatic;
				DEVELOPMENT_TEAM = HAS7RS9NQ2;
				INFOPLIST_FILE = Scan/Info.plist;
				IPHONEOS_DEPLOYMENT_TARGET = 8.4;
				LD_RUNPATH_SEARCH_PATHS = (
					"$(inherited)",
					"@executable_path/Frameworks",
				);
				PRODUCT_BUNDLE_IDENTIFIER = com.chinalife.Scan;
				PRODUCT_NAME = "$(TARGET_NAME)";
				TARGETED_DEVICE_FAMILY = "1,2";
			};
			name = Debug;
		};
		839407C622EFFB4700013C18 /* Release */ = {
			isa = XCBuildConfiguration;
			buildSettings = {
				ASSETCATALOG_COMPILER_APPICON_NAME = AppIcon;
				CODE_SIGN_STYLE = Automatic;
				DEVELOPMENT_TEAM = HAS7RS9NQ2;
				INFOPLIST_FILE = Scan/Info.plist;
				IPHONEOS_DEPLOYMENT_TARGET = 8.4;
				LD_RUNPATH_SEARCH_PATHS = (
					"$(inherited)",
					"@executable_path/Frameworks",
				);
				PRODUCT_BUNDLE_IDENTIFIER = com.chinalife.Scan;
				PRODUCT_NAME = "$(TARGET_NAME)";
				TARGETED_DEVICE_FAMILY = "1,2";
			};
			name = Release;
		};
		839407C822EFFB4700013C18 /* Debug */ = {
			isa = XCBuildConfiguration;
			buildSettings = {
				BUNDLE_LOADER = "$(TEST_HOST)";
				CODE_SIGN_STYLE = Automatic;
				DEVELOPMENT_TEAM = HAS7RS9NQ2;
				INFOPLIST_FILE = ScanTests/Info.plist;
				LD_RUNPATH_SEARCH_PATHS = (
					"$(inherited)",
					"@executable_path/Frameworks",
					"@loader_path/Frameworks",
				);
				PRODUCT_BUNDLE_IDENTIFIER = com.chinalife.ScanTests;
				PRODUCT_NAME = "$(TARGET_NAME)";
				TARGETED_DEVICE_FAMILY = "1,2";
				TEST_HOST = "$(BUILT_PRODUCTS_DIR)/Scan.app/Scan";
			};
			name = Debug;
		};
		839407C922EFFB4700013C18 /* Release */ = {
			isa = XCBuildConfiguration;
			buildSettings = {
				BUNDLE_LOADER = "$(TEST_HOST)";
				CODE_SIGN_STYLE = Automatic;
				DEVELOPMENT_TEAM = HAS7RS9NQ2;
				INFOPLIST_FILE = ScanTests/Info.plist;
				LD_RUNPATH_SEARCH_PATHS = (
					"$(inherited)",
					"@executable_path/Frameworks",
					"@loader_path/Frameworks",
				);
				PRODUCT_BUNDLE_IDENTIFIER = com.chinalife.ScanTests;
				PRODUCT_NAME = "$(TARGET_NAME)";
				TARGETED_DEVICE_FAMILY = "1,2";
				TEST_HOST = "$(BUILT_PRODUCTS_DIR)/Scan.app/Scan";
			};
			name = Release;
		};
		839407CB22EFFB4700013C18 /* Debug */ = {
			isa = XCBuildConfiguration;
			buildSettings = {
				CODE_SIGN_STYLE = Automatic;
				DEVELOPMENT_TEAM = HAS7RS9NQ2;
				INFOPLIST_FILE = ScanUITests/Info.plist;
				LD_RUNPATH_SEARCH_PATHS = (
					"$(inherited)",
					"@executable_path/Frameworks",
					"@loader_path/Frameworks",
				);
				PRODUCT_BUNDLE_IDENTIFIER = com.chinalife.ScanUITests;
				PRODUCT_NAME = "$(TARGET_NAME)";
				TARGETED_DEVICE_FAMILY = "1,2";
				TEST_TARGET_NAME = Scan;
			};
			name = Debug;
		};
		839407CC22EFFB4700013C18 /* Release */ = {
			isa = XCBuildConfiguration;
			buildSettings = {
				CODE_SIGN_STYLE = Automatic;
				DEVELOPMENT_TEAM = HAS7RS9NQ2;
				INFOPLIST_FILE = ScanUITests/Info.plist;
				LD_RUNPATH_SEARCH_PATHS = (
					"$(inherited)",
					"@executable_path/Frameworks",
					"@loader_path/Frameworks",
				);
				PRODUCT_BUNDLE_IDENTIFIER = com.chinalife.ScanUITests;
				PRODUCT_NAME = "$(TARGET_NAME)";
				TARGETED_DEVICE_FAMILY = "1,2";
				TEST_TARGET_NAME = Scan;
			};
			name = Release;
		};
/* End XCBuildConfiguration section */

/* Begin XCConfigurationList section */
		8394079322EFFB4500013C18 /* Build configuration list for PBXProject "Scan" */ = {
			isa = XCConfigurationList;
			buildConfigurations = (
				839407C222EFFB4700013C18 /* Debug */,
				839407C322EFFB4700013C18 /* Release */,
			);
			defaultConfigurationIsVisible = 0;
			defaultConfigurationName = Release;
		};
		839407C422EFFB4700013C18 /* Build configuration list for PBXNativeTarget "Scan" */ = {
			isa = XCConfigurationList;
			buildConfigurations = (
				839407C522EFFB4700013C18 /* Debug */,
				839407C622EFFB4700013C18 /* Release */,
			);
			defaultConfigurationIsVisible = 0;
			defaultConfigurationName = Release;
		};
		839407C722EFFB4700013C18 /* Build configuration list for PBXNativeTarget "ScanTests" */ = {
			isa = XCConfigurationList;
			buildConfigurations = (
				839407C822EFFB4700013C18 /* Debug */,
				839407C922EFFB4700013C18 /* Release */,
			);
			defaultConfigurationIsVisible = 0;
			defaultConfigurationName = Release;
		};
		839407CA22EFFB4700013C18 /* Build configuration list for PBXNativeTarget "ScanUITests" */ = {
			isa = XCConfigurationList;
			buildConfigurations = (
				839407CB22EFFB4700013C18 /* Debug */,
				839407CC22EFFB4700013C18 /* Release */,
			);
			defaultConfigurationIsVisible = 0;
			defaultConfigurationName = Release;
		};
/* End XCConfigurationList section */
	};
	rootObject = 8394079022EFFB4500013C18 /* Project object */;
}
